// !$*UTF8*$!
{
	archiveVersion = 1;
	classes = {
	};
	objectVersion = 48;
	objects = {

/* Begin PBXBuildFile section */
		CBA5E14F1FBAECC20041AE4D /* AppDelegate.swift in Sources */ = {isa = PBXBuildFile; fileRef = CBA5E14E1FBAECC20041AE4D /* AppDelegate.swift */; };
		CBA5E1511FBAECC20041AE4D /* ViewController.swift in Sources */ = {isa = PBXBuildFile; fileRef = CBA5E1501FBAECC20041AE4D /* ViewController.swift */; };
		CBA5E1541FBAECC20041AE4D /* Main.storyboard in Resources */ = {isa = PBXBuildFile; fileRef = CBA5E1521FBAECC20041AE4D /* Main.storyboard */; };
		CBA5E1561FBAECC20041AE4D /* Assets.xcassets in Resources */ = {isa = PBXBuildFile; fileRef = CBA5E1551FBAECC20041AE4D /* Assets.xcassets */; };
		CBA5E1591FBAECC20041AE4D /* LaunchScreen.storyboard in Resources */ = {isa = PBXBuildFile; fileRef = CBA5E1571FBAECC20041AE4D /* LaunchScreen.storyboard */; };
		CBA5E1641FBAECC20041AE4D /* SampleAppTests.swift in Sources */ = {isa = PBXBuildFile; fileRef = CBA5E1631FBAECC20041AE4D /* SampleAppTests.swift */; };
		CBA5E16F1FBAECC20041AE4D /* SampleAppUITests.swift in Sources */ = {isa = PBXBuildFile; fileRef = CBA5E16E1FBAECC20041AE4D /* SampleAppUITests.swift */; };
/* End PBXBuildFile section */

/* Begin PBXContainerItemProxy section */
		CBA5E1601FBAECC20041AE4D /* PBXContainerItemProxy */ = {
			isa = PBXContainerItemProxy;
			containerPortal = CBA5E1431FBAECC20041AE4D /* Project object */;
			proxyType = 1;
			remoteGlobalIDString = CBA5E14A1FBAECC20041AE4D;
			remoteInfo = SampleApp;
		};
		CBA5E16B1FBAECC20041AE4D /* PBXContainerItemProxy */ = {
			isa = PBXContainerItemProxy;
			containerPortal = CBA5E1431FBAECC20041AE4D /* Project object */;
			proxyType = 1;
			remoteGlobalIDString = CBA5E14A1FBAECC20041AE4D;
			remoteInfo = SampleApp;
		};
/* End PBXContainerItemProxy section */

/* Begin PBXFileReference section */
		CBA5E14B1FBAECC20041AE4D /* SampleApp.app */ = {isa = PBXFileReference; explicitFileType = wrapper.application; includeInIndex = 0; path = SampleApp.app; sourceTree = BUILT_PRODUCTS_DIR; };
		CBA5E14E1FBAECC20041AE4D /* AppDelegate.swift */ = {isa = PBXFileReference; lastKnownFileType = sourcecode.swift; path = AppDelegate.swift; sourceTree = "<group>"; };
		CBA5E1501FBAECC20041AE4D /* ViewController.swift */ = {isa = PBXFileReference; lastKnownFileType = sourcecode.swift; path = ViewController.swift; sourceTree = "<group>"; };
		CBA5E1531FBAECC20041AE4D /* Base */ = {isa = PBXFileReference; lastKnownFileType = file.storyboard; name = Base; path = Base.lproj/Main.storyboard; sourceTree = "<group>"; };
		CBA5E1551FBAECC20041AE4D /* Assets.xcassets */ = {isa = PBXFileReference; lastKnownFileType = folder.assetcatalog; path = Assets.xcassets; sourceTree = "<group>"; };
		CBA5E1581FBAECC20041AE4D /* Base */ = {isa = PBXFileReference; lastKnownFileType = file.storyboard; name = Base; path = Base.lproj/LaunchScreen.storyboard; sourceTree = "<group>"; };
		CBA5E15A1FBAECC20041AE4D /* Info.plist */ = {isa = PBXFileReference; lastKnownFileType = text.plist.xml; path = Info.plist; sourceTree = "<group>"; };
		CBA5E15F1FBAECC20041AE4D /* SampleAppTests.xctest */ = {isa = PBXFileReference; explicitFileType = wrapper.cfbundle; includeInIndex = 0; path = SampleAppTests.xctest; sourceTree = BUILT_PRODUCTS_DIR; };
		CBA5E1631FBAECC20041AE4D /* SampleAppTests.swift */ = {isa = PBXFileReference; lastKnownFileType = sourcecode.swift; path = SampleAppTests.swift; sourceTree = "<group>"; };
		CBA5E1651FBAECC20041AE4D /* Info.plist */ = {isa = PBXFileReference; lastKnownFileType = text.plist.xml; path = Info.plist; sourceTree = "<group>"; };
		CBA5E16A1FBAECC20041AE4D /* SampleAppUITests.xctest */ = {isa = PBXFileReference; explicitFileType = wrapper.cfbundle; includeInIndex = 0; path = SampleAppUITests.xctest; sourceTree = BUILT_PRODUCTS_DIR; };
		CBA5E16E1FBAECC20041AE4D /* SampleAppUITests.swift */ = {isa = PBXFileReference; lastKnownFileType = sourcecode.swift; path = SampleAppUITests.swift; sourceTree = "<group>"; };
		CBA5E1701FBAECC20041AE4D /* Info.plist */ = {isa = PBXFileReference; lastKnownFileType = text.plist.xml; path = Info.plist; sourceTree = "<group>"; };
/* End PBXFileReference section */

/* Begin PBXFrameworksBuildPhase section */
		CBA5E1481FBAECC20041AE4D /* Frameworks */ = {
			isa = PBXFrameworksBuildPhase;
			buildActionMask = 2147483647;
			files = (
			);
			runOnlyForDeploymentPostprocessing = 0;
		};
		CBA5E15C1FBAECC20041AE4D /* Frameworks */ = {
			isa = PBXFrameworksBuildPhase;
			buildActionMask = 2147483647;
			files = (
			);
			runOnlyForDeploymentPostprocessing = 0;
		};
		CBA5E1671FBAECC20041AE4D /* Frameworks */ = {
			isa = PBXFrameworksBuildPhase;
			buildActionMask = 2147483647;
			files = (
			);
			runOnlyForDeploymentPostprocessing = 0;
		};
/* End PBXFrameworksBuildPhase section */

/* Begin PBXGroup section */
		CBA5E1421FBAECC20041AE4D = {
			isa = PBXGroup;
			children = (
				CBA5E14D1FBAECC20041AE4D /* SampleApp */,
				CBA5E1621FBAECC20041AE4D /* SampleAppTests */,
				CBA5E16D1FBAECC20041AE4D /* SampleAppUITests */,
				CBA5E14C1FBAECC20041AE4D /* Products */,
			);
			sourceTree = "<group>";
		};
		CBA5E14C1FBAECC20041AE4D /* Products */ = {
			isa = PBXGroup;
			children = (
				CBA5E14B1FBAECC20041AE4D /* SampleApp.app */,
				CBA5E15F1FBAECC20041AE4D /* SampleAppTests.xctest */,
				CBA5E16A1FBAECC20041AE4D /* SampleAppUITests.xctest */,
			);
			name = Products;
			sourceTree = "<group>";
		};
		CBA5E14D1FBAECC20041AE4D /* SampleApp */ = {
			isa = PBXGroup;
			children = (
				CBA5E14E1FBAECC20041AE4D /* AppDelegate.swift */,
				CBA5E1501FBAECC20041AE4D /* ViewController.swift */,
				CBA5E1521FBAECC20041AE4D /* Main.storyboard */,
				CBA5E1551FBAECC20041AE4D /* Assets.xcassets */,
				CBA5E1571FBAECC20041AE4D /* LaunchScreen.storyboard */,
				CBA5E15A1FBAECC20041AE4D /* Info.plist */,
			);
			path = SampleApp;
			sourceTree = "<group>";
		};
		CBA5E1621FBAECC20041AE4D /* SampleAppTests */ = {
			isa = PBXGroup;
			children = (
				CBA5E1631FBAECC20041AE4D /* SampleAppTests.swift */,
				CBA5E1651FBAECC20041AE4D /* Info.plist */,
			);
			path = SampleAppTests;
			sourceTree = "<group>";
		};
		CBA5E16D1FBAECC20041AE4D /* SampleAppUITests */ = {
			isa = PBXGroup;
			children = (
				CBA5E16E1FBAECC20041AE4D /* SampleAppUITests.swift */,
				CBA5E1701FBAECC20041AE4D /* Info.plist */,
			);
			path = SampleAppUITests;
			sourceTree = "<group>";
		};
/* End PBXGroup section */

/* Begin PBXNativeTarget section */
		CBA5E14A1FBAECC20041AE4D /* SampleApp */ = {
			isa = PBXNativeTarget;
			buildConfigurationList = CBA5E1731FBAECC20041AE4D /* Build configuration list for PBXNativeTarget "SampleApp" */;
			buildPhases = (
				CBA5E1471FBAECC20041AE4D /* Sources */,
				CBA5E1481FBAECC20041AE4D /* Frameworks */,
				CBA5E1491FBAECC20041AE4D /* Resources */,
			);
			buildRules = (
			);
			dependencies = (
			);
			name = SampleApp;
			productName = SampleApp;
			productReference = CBA5E14B1FBAECC20041AE4D /* SampleApp.app */;
			productType = "com.apple.product-type.application";
		};
		CBA5E15E1FBAECC20041AE4D /* SampleAppTests */ = {
			isa = PBXNativeTarget;
			buildConfigurationList = CBA5E1761FBAECC20041AE4D /* Build configuration list for PBXNativeTarget "SampleAppTests" */;
			buildPhases = (
				CBA5E15B1FBAECC20041AE4D /* Sources */,
				CBA5E15C1FBAECC20041AE4D /* Frameworks */,
				CBA5E15D1FBAECC20041AE4D /* Resources */,
			);
			buildRules = (
			);
			dependencies = (
				CBA5E1611FBAECC20041AE4D /* PBXTargetDependency */,
			);
			name = SampleAppTests;
			productName = SampleAppTests;
			productReference = CBA5E15F1FBAECC20041AE4D /* SampleAppTests.xctest */;
			productType = "com.apple.product-type.bundle.unit-test";
		};
		CBA5E1691FBAECC20041AE4D /* SampleAppUITests */ = {
			isa = PBXNativeTarget;
			buildConfigurationList = CBA5E1791FBAECC20041AE4D /* Build configuration list for PBXNativeTarget "SampleAppUITests" */;
			buildPhases = (
				CBA5E1661FBAECC20041AE4D /* Sources */,
				CBA5E1671FBAECC20041AE4D /* Frameworks */,
				CBA5E1681FBAECC20041AE4D /* Resources */,
			);
			buildRules = (
			);
			dependencies = (
				CBA5E16C1FBAECC20041AE4D /* PBXTargetDependency */,
			);
			name = SampleAppUITests;
			productName = SampleAppUITests;
			productReference = CBA5E16A1FBAECC20041AE4D /* SampleAppUITests.xctest */;
			productType = "com.apple.product-type.bundle.ui-testing";
		};
/* End PBXNativeTarget section */

/* Begin PBXProject section */
		CBA5E1431FBAECC20041AE4D /* Project object */ = {
			isa = PBXProject;
			attributes = {
				LastSwiftUpdateCheck = 0910;
				LastUpgradeCheck = 0910;
				ORGANIZATIONNAME = aceplus;
				TargetAttributes = {
					CBA5E14A1FBAECC20041AE4D = {
						CreatedOnToolsVersion = 9.1;
						ProvisioningStyle = Automatic;
					};
					CBA5E15E1FBAECC20041AE4D = {
						CreatedOnToolsVersion = 9.1;
						ProvisioningStyle = Automatic;
						TestTargetID = CBA5E14A1FBAECC20041AE4D;
					};
					CBA5E1691FBAECC20041AE4D = {
						CreatedOnToolsVersion = 9.1;
						ProvisioningStyle = Automatic;
						TestTargetID = CBA5E14A1FBAECC20041AE4D;
					};
				};
			};
			buildConfigurationList = CBA5E1461FBAECC20041AE4D /* Build configuration list for PBXProject "SampleApp" */;
			compatibilityVersion = "Xcode 8.0";
			developmentRegion = en;
			hasScannedForEncodings = 0;
			knownRegions = (
				en,
				Base,
			);
			mainGroup = CBA5E1421FBAECC20041AE4D;
			productRefGroup = CBA5E14C1FBAECC20041AE4D /* Products */;
			projectDirPath = "";
			projectRoot = "";
			targets = (
				CBA5E14A1FBAECC20041AE4D /* SampleApp */,
				CBA5E15E1FBAECC20041AE4D /* SampleAppTests */,
				CBA5E1691FBAECC20041AE4D /* SampleAppUITests */,
			);
		};
/* End PBXProject section */

/* Begin PBXResourcesBuildPhase section */
		CBA5E1491FBAECC20041AE4D /* Resources */ = {
			isa = PBXResourcesBuildPhase;
			buildActionMask = 2147483647;
			files = (
				CBA5E1591FBAECC20041AE4D /* LaunchScreen.storyboard in Resources */,
				CBA5E1561FBAECC20041AE4D /* Assets.xcassets in Resources */,
				CBA5E1541FBAECC20041AE4D /* Main.storyboard in Resources */,
			);
			runOnlyForDeploymentPostprocessing = 0;
		};
		CBA5E15D1FBAECC20041AE4D /* Resources */ = {
			isa = PBXResourcesBuildPhase;
			buildActionMask = 2147483647;
			files = (
			);
			runOnlyForDeploymentPostprocessing = 0;
		};
		CBA5E1681FBAECC20041AE4D /* Resources */ = {
			isa = PBXResourcesBuildPhase;
			buildActionMask = 2147483647;
			files = (
			);
			runOnlyForDeploymentPostprocessing = 0;
		};
/* End PBXResourcesBuildPhase section */

/* Begin PBXSourcesBuildPhase section */
		CBA5E1471FBAECC20041AE4D /* Sources */ = {
			isa = PBXSourcesBuildPhase;
			buildActionMask = 2147483647;
			files = (
				CBA5E1511FBAECC20041AE4D /* ViewController.swift in Sources */,
				CBA5E14F1FBAECC20041AE4D /* AppDelegate.swift in Sources */,
			);
			runOnlyForDeploymentPostprocessing = 0;
		};
		CBA5E15B1FBAECC20041AE4D /* Sources */ = {
			isa = PBXSourcesBuildPhase;
			buildActionMask = 2147483647;
			files = (
				CBA5E1641FBAECC20041AE4D /* SampleAppTests.swift in Sources */,
			);
			runOnlyForDeploymentPostprocessing = 0;
		};
		CBA5E1661FBAECC20041AE4D /* Sources */ = {
			isa = PBXSourcesBuildPhase;
			buildActionMask = 2147483647;
			files = (
				CBA5E16F1FBAECC20041AE4D /* SampleAppUITests.swift in Sources */,
			);
			runOnlyForDeploymentPostprocessing = 0;
		};
/* End PBXSourcesBuildPhase section */

/* Begin PBXTargetDependency section */
		CBA5E1611FBAECC20041AE4D /* PBXTargetDependency */ = {
			isa = PBXTargetDependency;
			target = CBA5E14A1FBAECC20041AE4D /* SampleApp */;
			targetProxy = CBA5E1601FBAECC20041AE4D /* PBXContainerItemProxy */;
		};
		CBA5E16C1FBAECC20041AE4D /* PBXTargetDependency */ = {
			isa = PBXTargetDependency;
			target = CBA5E14A1FBAECC20041AE4D /* SampleApp */;
			targetProxy = CBA5E16B1FBAECC20041AE4D /* PBXContainerItemProxy */;
		};
/* End PBXTargetDependency section */

/* Begin PBXVariantGroup section */
		CBA5E1521FBAECC20041AE4D /* Main.storyboard */ = {
			isa = PBXVariantGroup;
			children = (
				CBA5E1531FBAECC20041AE4D /* Base */,
			);
			name = Main.storyboard;
			sourceTree = "<group>";
		};
		CBA5E1571FBAECC20041AE4D /* LaunchScreen.storyboard */ = {
			isa = PBXVariantGroup;
			children = (
				CBA5E1581FBAECC20041AE4D /* Base */,
			);
			name = LaunchScreen.storyboard;
			sourceTree = "<group>";
		};
/* End PBXVariantGroup section */

/* Begin XCBuildConfiguration section */
		CBA5E1711FBAECC20041AE4D /* Debug */ = {
			isa = XCBuildConfiguration;
			buildSettings = {
				ALWAYS_SEARCH_USER_PATHS = NO;
				CLANG_ANALYZER_NONNULL = YES;
				CLANG_ANALYZER_NUMBER_OBJECT_CONVERSION = YES_AGGRESSIVE;
				CLANG_CXX_LANGUAGE_STANDARD = "gnu++14";
				CLANG_CXX_LIBRARY = "libc++";
				CLANG_ENABLE_MODULES = YES;
				CLANG_ENABLE_OBJC_ARC = YES;
				CLANG_WARN_BLOCK_CAPTURE_AUTORELEASING = YES;
				CLANG_WARN_BOOL_CONVERSION = YES;
				CLANG_WARN_COMMA = YES;
				CLANG_WARN_CONSTANT_CONVERSION = YES;
				CLANG_WARN_DIRECT_OBJC_ISA_USAGE = YES_ERROR;
				CLANG_WARN_DOCUMENTATION_COMMENTS = YES;
				CLANG_WARN_EMPTY_BODY = YES;
				CLANG_WARN_ENUM_CONVERSION = YES;
				CLANG_WARN_INFINITE_RECURSION = YES;
				CLANG_WARN_INT_CONVERSION = YES;
				CLANG_WARN_NON_LITERAL_NULL_CONVERSION = YES;
				CLANG_WARN_OBJC_LITERAL_CONVERSION = YES;
				CLANG_WARN_OBJC_ROOT_CLASS = YES_ERROR;
				CLANG_WARN_RANGE_LOOP_ANALYSIS = YES;
				CLANG_WARN_STRICT_PROTOTYPES = YES;
				CLANG_WARN_SUSPICIOUS_MOVE = YES;
				CLANG_WARN_UNGUARDED_AVAILABILITY = YES_AGGRESSIVE;
				CLANG_WARN_UNREACHABLE_CODE = YES;
				CLANG_WARN__DUPLICATE_METHOD_MATCH = YES;
				CODE_SIGN_IDENTITY = "iPhone Developer";
				COPY_PHASE_STRIP = NO;
				DEBUG_INFORMATION_FORMAT = dwarf;
				ENABLE_STRICT_OBJC_MSGSEND = YES;
				ENABLE_TESTABILITY = YES;
				GCC_C_LANGUAGE_STANDARD = gnu11;
				GCC_DYNAMIC_NO_PIC = NO;
				GCC_NO_COMMON_BLOCKS = YES;
				GCC_OPTIMIZATION_LEVEL = 0;
				GCC_PREPROCESSOR_DEFINITIONS = (
					"DEBUG=1",
					"$(inherited)",
				);
				GCC_WARN_64_TO_32_BIT_CONVERSION = YES;
				GCC_WARN_ABOUT_RETURN_TYPE = YES_ERROR;
				GCC_WARN_UNDECLARED_SELECTOR = YES;
				GCC_WARN_UNINITIALIZED_AUTOS = YES_AGGRESSIVE;
				GCC_WARN_UNUSED_FUNCTION = YES;
				GCC_WARN_UNUSED_VARIABLE = YES;
				IPHONEOS_DEPLOYMENT_TARGET = 11.1;
				MTL_ENABLE_DEBUG_INFO = YES;
				ONLY_ACTIVE_ARCH = YES;
				SDKROOT = iphoneos;
				SWIFT_ACTIVE_COMPILATION_CONDITIONS = DEBUG;
				SWIFT_OPTIMIZATION_LEVEL = "-Onone";
			};
			name = Debug;
		};
		CBA5E1721FBAECC20041AE4D /* Release */ = {
			isa = XCBuildConfiguration;
			buildSettings = {
				ALWAYS_SEARCH_USER_PATHS = NO;
				CLANG_ANALYZER_NONNULL = YES;
				CLANG_ANALYZER_NUMBER_OBJECT_CONVERSION = YES_AGGRESSIVE;
				CLANG_CXX_LANGUAGE_STANDARD = "gnu++14";
				CLANG_CXX_LIBRARY = "libc++";
				CLANG_ENABLE_MODULES = YES;
				CLANG_ENABLE_OBJC_ARC = YES;
				CLANG_WARN_BLOCK_CAPTURE_AUTORELEASING = YES;
				CLANG_WARN_BOOL_CONVERSION = YES;
				CLANG_WARN_COMMA = YES;
				CLANG_WARN_CONSTANT_CONVERSION = YES;
				CLANG_WARN_DIRECT_OBJC_ISA_USAGE = YES_ERROR;
				CLANG_WARN_DOCUMENTATION_COMMENTS = YES;
				CLANG_WARN_EMPTY_BODY = YES;
				CLANG_WARN_ENUM_CONVERSION = YES;
				CLANG_WARN_INFINITE_RECURSION = YES;
				CLANG_WARN_INT_CONVERSION = YES;
				CLANG_WARN_NON_LITERAL_NULL_CONVERSION = YES;
				CLANG_WARN_OBJC_LITERAL_CONVERSION = YES;
				CLANG_WARN_OBJC_ROOT_CLASS = YES_ERROR;
				CLANG_WARN_RANGE_LOOP_ANALYSIS = YES;
				CLANG_WARN_STRICT_PROTOTYPES = YES;
				CLANG_WARN_SUSPICIOUS_MOVE = YES;
				CLANG_WARN_UNGUARDED_AVAILABILITY = YES_AGGRESSIVE;
				CLANG_WARN_UNREACHABLE_CODE = YES;
				CLANG_WARN__DUPLICATE_METHOD_MATCH = YES;
				CODE_SIGN_IDENTITY = "iPhone Developer";
				COPY_PHASE_STRIP = NO;
				DEBUG_INFORMATION_FORMAT = "dwarf-with-dsym";
				ENABLE_NS_ASSERTIONS = NO;
				ENABLE_STRICT_OBJC_MSGSEND = YES;
				GCC_C_LANGUAGE_STANDARD = gnu11;
				GCC_NO_COMMON_BLOCKS = YES;
				GCC_WARN_64_TO_32_BIT_CONVERSION = YES;
				GCC_WARN_ABOUT_RETURN_TYPE = YES_ERROR;
				GCC_WARN_UNDECLARED_SELECTOR = YES;
				GCC_WARN_UNINITIALIZED_AUTOS = YES_AGGRESSIVE;
				GCC_WARN_UNUSED_FUNCTION = YES;
				GCC_WARN_UNUSED_VARIABLE = YES;
				IPHONEOS_DEPLOYMENT_TARGET = 11.1;
				MTL_ENABLE_DEBUG_INFO = NO;
				SDKROOT = iphoneos;
				SWIFT_OPTIMIZATION_LEVEL = "-Owholemodule";
				VALIDATE_PRODUCT = YES;
			};
			name = Release;
		};
		CBA5E1741FBAECC20041AE4D /* Debug */ = {
			isa = XCBuildConfiguration;
			buildSettings = {
				ASSETCATALOG_COMPILER_APPICON_NAME = AppIcon;
				CODE_SIGN_STYLE = Automatic;
				INFOPLIST_FILE = SampleApp/Info.plist;
				LD_RUNPATH_SEARCH_PATHS = "$(inherited) @executable_path/Frameworks";
				PRODUCT_BUNDLE_IDENTIFIER = com.tat.SampleApp;
				PRODUCT_NAME = "$(TARGET_NAME)";
				SWIFT_VERSION = 4.0;
				TARGETED_DEVICE_FAMILY = "1,2";
			};
			name = Debug;
		};
		CBA5E1751FBAECC20041AE4D /* Release */ = {
			isa = XCBuildConfiguration;
			buildSettings = {
				ASSETCATALOG_COMPILER_APPICON_NAME = AppIcon;
				CODE_SIGN_STYLE = Automatic;
				INFOPLIST_FILE = SampleApp/Info.plist;
				LD_RUNPATH_SEARCH_PATHS = "$(inherited) @executable_path/Frameworks";
				PRODUCT_BUNDLE_IDENTIFIER = com.tat.SampleApp;
				PRODUCT_NAME = "$(TARGET_NAME)";
				SWIFT_VERSION = 4.0;
				TARGETED_DEVICE_FAMILY = "1,2";
			};
			name = Release;
		};
		CBA5E1771FBAECC20041AE4D /* Debug */ = {
			isa = XCBuildConfiguration;
			buildSettings = {
				ALWAYS_EMBED_SWIFT_STANDARD_LIBRARIES = YES;
				BUNDLE_LOADER = "$(TEST_HOST)";
				CODE_SIGN_STYLE = Automatic;
				INFOPLIST_FILE = SampleAppTests/Info.plist;
				LD_RUNPATH_SEARCH_PATHS = "$(inherited) @executable_path/Frameworks @loader_path/Frameworks";
				PRODUCT_BUNDLE_IDENTIFIER = com.tat.SampleAppTests;
				PRODUCT_NAME = "$(TARGET_NAME)";
				SWIFT_VERSION = 4.0;
				TARGETED_DEVICE_FAMILY = "1,2";
				TEST_HOST = "$(BUILT_PRODUCTS_DIR)/SampleApp.app/SampleApp";
			};
			name = Debug;
		};
		CBA5E1781FBAECC20041AE4D /* Release */ = {
			isa = XCBuildConfiguration;
			buildSettings = {
				ALWAYS_EMBED_SWIFT_STANDARD_LIBRARIES = YES;
				BUNDLE_LOADER = "$(TEST_HOST)";
				CODE_SIGN_STYLE = Automatic;
				INFOPLIST_FILE = SampleAppTests/Info.plist;
				LD_RUNPATH_SEARCH_PATHS = "$(inherited) @executable_path/Frameworks @loader_path/Frameworks";
				PRODUCT_BUNDLE_IDENTIFIER = com.tat.SampleAppTests;
				PRODUCT_NAME = "$(TARGET_NAME)";
				SWIFT_VERSION = 4.0;
				TARGETED_DEVICE_FAMILY = "1,2";
				TEST_HOST = "$(BUILT_PRODUCTS_DIR)/SampleApp.app/SampleApp";
			};
			name = Release;
		};
		CBA5E17A1FBAECC20041AE4D /* Debug */ = {
			isa = XCBuildConfiguration;
			buildSettings = {
				ALWAYS_EMBED_SWIFT_STANDARD_LIBRARIES = YES;
				CODE_SIGN_STYLE = Automatic;
				INFOPLIST_FILE = SampleAppUITests/Info.plist;
				LD_RUNPATH_SEARCH_PATHS = "$(inherited) @executable_path/Frameworks @loader_path/Frameworks";
				PRODUCT_BUNDLE_IDENTIFIER = com.tat.SampleAppUITests;
				PRODUCT_NAME = "$(TARGET_NAME)";
				SWIFT_VERSION = 4.0;
				TARGETED_DEVICE_FAMILY = "1,2";
				TEST_TARGET_NAME = SampleApp;
			};
			name = Debug;
		};
		CBA5E17B1FBAECC20041AE4D /* Release */ = {
			isa = XCBuildConfiguration;
			buildSettings = {
				ALWAYS_EMBED_SWIFT_STANDARD_LIBRARIES = YES;
				CODE_SIGN_STYLE = Automatic;
				INFOPLIST_FILE = SampleAppUITests/Info.plist;
				LD_RUNPATH_SEARCH_PATHS = "$(inherited) @executable_path/Frameworks @loader_path/Frameworks";
				PRODUCT_BUNDLE_IDENTIFIER = com.tat.SampleAppUITests;
				PRODUCT_NAME = "$(TARGET_NAME)";
				SWIFT_VERSION = 4.0;
				TARGETED_DEVICE_FAMILY = "1,2";
				TEST_TARGET_NAME = SampleApp;
			};
			name = Release;
		};
/* End XCBuildConfiguration section */

/* Begin XCConfigurationList section */
		CBA5E1461FBAECC20041AE4D /* Build configuration list for PBXProject "SampleApp" */ = {
			isa = XCConfigurationList;
			buildConfigurations = (
				CBA5E1711FBAECC20041AE4D /* Debug */,
				CBA5E1721FBAECC20041AE4D /* Release */,
			);
			defaultConfigurationIsVisible = 0;
			defaultConfigurationName = Release;
		};
		CBA5E1731FBAECC20041AE4D /* Build configuration list for PBXNativeTarget "SampleApp" */ = {
			isa = XCConfigurationList;
			buildConfigurations = (
				CBA5E1741FBAECC20041AE4D /* Debug */,
				CBA5E1751FBAECC20041AE4D /* Release */,
			);
			defaultConfigurationIsVisible = 0;
			defaultConfigurationName = Release;
		};
		CBA5E1761FBAECC20041AE4D /* Build configuration list for PBXNativeTarget "SampleAppTests" */ = {
			isa = XCConfigurationList;
			buildConfigurations = (
				CBA5E1771FBAECC20041AE4D /* Debug */,
				CBA5E1781FBAECC20041AE4D /* Release */,
			);
			defaultConfigurationIsVisible = 0;
			defaultConfigurationName = Release;
		};
		CBA5E1791FBAECC20041AE4D /* Build configuration list for PBXNativeTarget "SampleAppUITests" */ = {
			isa = XCConfigurationList;
			buildConfigurations = (
				CBA5E17A1FBAECC20041AE4D /* Debug */,
				CBA5E17B1FBAECC20041AE4D /* Release */,
			);
			defaultConfigurationIsVisible = 0;
			defaultConfigurationName = Release;
		};
/* End XCConfigurationList section */
	};
	rootObject = CBA5E1431FBAECC20041AE4D /* Project object */;
}
